{
  "name": "work_processes",
  "lockfileVersion": 3,
  "requires": true,
  "packages": {
    "": {
      "dependencies": {
        "json-canvas-to-mermaid": "^2.0.1"
      }
    },
    "node_modules/json-canvas-to-mermaid": {
      "version": "2.0.1",
      "resolved": "https://registry.npmjs.org/json-canvas-to-mermaid/-/json-canvas-to-mermaid-2.0.1.tgz",
      "integrity": "sha512-sApkg3BKt1FMj2UZTNdCYXFLZC7IwxeE9xzc/83oZAk0ZqOJCJU3NI5CVL5sSLtQmqzOrVAAx0Zl3xJyCWsBmQ==",
      "license": "MIT",
      "peerDependencies": {
        "typescript": "^5.0.0"
      }
    },
    "node_modules/typescript": {
      "version": "5.6.3",
      "resolved": "https://registry.npmjs.org/typescript/-/typescript-5.6.3.tgz",
      "integrity": "sha512-hjcS1mhfuyi4WW8IWtjP7brDrG2cuDZukyrYrSauoXGNgx0S7zceP07adYkJycEr56BOUTNPzbInooiN3fn1qw==",
      "license": "Apache-2.0",
      "peer": true,
      "bin": {
        "tsc": "bin/tsc",
        "tsserver": "bin/tsserver"
      },
      "engines": {
        "node": ">=14.17"
      }
    }
  }
}
